
Microsoft Visual Studio Solution File, Format Version 12.00
# Visual Studio Version 16
VisualStudioVersion = 16.0.31624.102
MinimumVisualStudioVersion = 10.0.40219.1
Project("{9A19103F-16F7-4668-BE54-9A1E7A4F7556}") = "Game", "Game.csproj", "{75D73186-6AA5-4352-A507-964673DC291F}"
EndProject
Project("{FAE04EC0-301F-11D3-BF4B-00C04F79EFBC}") = "Tests1", "..\Tests1\Tests1.csproj", "{ADA9F19E-58D3-4485-BA11-198A42ED4996}"
EndProject
Global
	GlobalSection(SolutionConfigurationPlatforms) = preSolution
		Debug|Any CPU = Debug|Any CPU
		Release|Any CPU = Release|Any CPU
	EndGlobalSection
	GlobalSection(ProjectConfigurationPlatforms) = postSolution
		{75D73186-6AA5-4352-A507-964673DC291F}.Debug|Any CPU.ActiveCfg = Debug|Any CPU
		{75D73186-6AA5-4352-A507-964673DC291F}.Debug|Any CPU.Build.0 = Debug|Any CPU
		{75D73186-6AA5-4352-A507-964673DC291F}.Release|Any CPU.ActiveCfg = Release|Any CPU
		{75D73186-6AA5-4352-A507-964673DC291F}.Release|Any CPU.Build.0 = Release|Any CPU
		{ADA9F19E-58D3-4485-BA11-198A42ED4996}.Debug|Any CPU.ActiveCfg = Debug|Any CPU
		{ADA9F19E-58D3-4485-BA11-198A42ED4996}.Debug|Any CPU.Build.0 = Debug|Any CPU
		{ADA9F19E-58D3-4485-BA11-198A42ED4996}.Release|Any CPU.ActiveCfg = Release|Any CPU
		{ADA9F19E-58D3-4485-BA11-198A42ED4996}.Release|Any CPU.Build.0 = Release|Any CPU
	EndGlobalSection
	GlobalSection(SolutionProperties) = preSolution
		HideSolutionNode = FALSE
	EndGlobalSection
	GlobalSection(ExtensibilityGlobals) = postSolution
		SolutionGuid = {DB15555E-0433-44C2-85E0-3C1E634F666F}
	EndGlobalSection
EndGlobal
